Microsoft Visual Studio Solution File, Format Version 12.00
# Visual Studio Version 17
VisualStudioVersion = 17.13.35919.96
MinimumVisualStudioVersion = 10.0.40219.1
Project("{FAE04EC0-301F-11D3-BF4B-00C04F79EFBC}") = "BoneAnimation", "BoneAnimation.csproj", "{2F972743-7F1E-4B4F-B3F8-DC2B1C11996C}"
EndProject
Global
	GlobalSection(SolutionConfigurationPlatforms) = preSolution
		Debug|Any CPU = Debug|Any CPU
		Release|Any CPU = Release|Any CPU
	EndGlobalSection
	GlobalSection(ProjectConfigurationPlatforms) = postSolution
		{2F972743-7F1E-4B4F-B3F8-DC2B1C11996C}.Debug|Any CPU.ActiveCfg = Debug|Any CPU
		{2F972743-7F1E-4B4F-B3F8-DC2B1C11996C}.Debug|Any CPU.Build.0 = Debug|Any CPU
		{2F972743-7F1E-4B4F-B3F8-DC2B1C11996C}.Debug|Any CPU.Deploy.0 = Debug|Any CPU
		{2F972743-7F1E-4B4F-B3F8-DC2B1C11996C}.Release|Any CPU.ActiveCfg = Release|Any CPU
		{2F972743-7F1E-4B4F-B3F8-DC2B1C11996C}.Release|Any CPU.Build.0 = Release|Any CPU
		{2F972743-7F1E-4B4F-B3F8-DC2B1C11996C}.Release|Any CPU.Deploy.0 = Release|Any CPU
	EndGlobalSection
	GlobalSection(SolutionProperties) = preSolution
		HideSolutionNode = FALSE
	EndGlobalSection
	GlobalSection(ExtensibilityGlobals) = postSolution
		SolutionGuid = {45902F8D-2372-48CD-8B34-CC6310BCF984}
	EndGlobalSection
EndGlobal
